
Microsoft Visual Studio Solution File, Format Version 12.00
# Visual Studio Version 17
VisualStudioVersion = 17.4.33110.190
MinimumVisualStudioVersion = 10.0.40219.1
Project("{FAE04EC0-301F-11D3-BF4B-00C04F79EFBC}") = "BlazorApp1", "BlazorApp1\BlazorApp1.csproj", "{09B77D96-E08E-4B35-AB23-63DE2D7CC767}"
EndProject
Global
	GlobalSection(SolutionConfigurationPlatforms) = preSolution
		Debug|Any CPU = Debug|Any CPU
		Release|Any CPU = Release|Any CPU
	EndGlobalSection
	GlobalSection(ProjectConfigurationPlatforms) = postSolution
		{09B77D96-E08E-4B35-AB23-63DE2D7CC767}.Debug|Any CPU.ActiveCfg = Debug|Any CPU
		{09B77D96-E08E-4B35-AB23-63DE2D7CC767}.Debug|Any CPU.Build.0 = Debug|Any CPU
		{09B77D96-E08E-4B35-AB23-63DE2D7CC767}.Release|Any CPU.ActiveCfg = Release|Any CPU
		{09B77D96-E08E-4B35-AB23-63DE2D7CC767}.Release|Any CPU.Build.0 = Release|Any CPU
	EndGlobalSection
	GlobalSection(SolutionProperties) = preSolution
		HideSolutionNode = FALSE
	EndGlobalSection
	GlobalSection(ExtensibilityGlobals) = postSolution
		SolutionGuid = {2B843DEB-5C0C-412B-BC6E-E5C4183486DE}
	EndGlobalSection
EndGlobal
